
Microsoft Visual Studio Solution File, Format Version 12.00
# Visual Studio Version 16
VisualStudioVersion = 16.0.31105.61
MinimumVisualStudioVersion = 10.0.40219.1
Project("{FAE04EC0-301F-11D3-BF4B-00C04F79EFBC}") = "Sample", "WebApplication1\Sample.csproj", "{A9BFE713-40DD-4F80-A3C7-5F02B3F4CFCB}"
EndProject
Global
	GlobalSection(SolutionConfigurationPlatforms) = preSolution
		Debug|Any CPU = Debug|Any CPU
		Release|Any CPU = Release|Any CPU
	EndGlobalSection
	GlobalSection(ProjectConfigurationPlatforms) = postSolution
		{A9BFE713-40DD-4F80-A3C7-5F02B3F4CFCB}.Debug|Any CPU.ActiveCfg = Debug|Any CPU
		{A9BFE713-40DD-4F80-A3C7-5F02B3F4CFCB}.Debug|Any CPU.Build.0 = Debug|Any CPU
		{A9BFE713-40DD-4F80-A3C7-5F02B3F4CFCB}.Release|Any CPU.ActiveCfg = Release|Any CPU
		{A9BFE713-40DD-4F80-A3C7-5F02B3F4CFCB}.Release|Any CPU.Build.0 = Release|Any CPU
	EndGlobalSection
	GlobalSection(SolutionProperties) = preSolution
		HideSolutionNode = FALSE
	EndGlobalSection
	GlobalSection(ExtensibilityGlobals) = postSolution
		SolutionGuid = {0B68C45A-825A-4C3F-B7C7-C3A64A99A9E4}
	EndGlobalSection
EndGlobal
